// !$*UTF8*$!
{
	archiveVersion = 1;
	classes = {
	};
	objectVersion = 51;
	objects = {

/* Begin PBXBuildFile section */
		2B68AD0522E87B26007B4568 /* AppDelegate.swift in Sources */ = {isa = PBXBuildFile; fileRef = 2B68AD0422E87B26007B4568 /* AppDelegate.swift */; };
		2B68AD0722E87B26007B4568 /* SceneDelegate.swift in Sources */ = {isa = PBXBuildFile; fileRef = 2B68AD0622E87B26007B4568 /* SceneDelegate.swift */; };
		2B68AD0922E87B26007B4568 /* ViewController.swift in Sources */ = {isa = PBXBuildFile; fileRef = 2B68AD0822E87B26007B4568 /* ViewController.swift */; };
		2B68AD0C22E87B26007B4568 /* Main.storyboard in Resources */ = {isa = PBXBuildFile; fileRef = 2B68AD0A22E87B26007B4568 /* Main.storyboard */; };
		2B68AD0E22E87B2D007B4568 /* Assets.xcassets in Resources */ = {isa = PBXBuildFile; fileRef = 2B68AD0D22E87B2D007B4568 /* Assets.xcassets */; };
		2B68AD1122E87B2D007B4568 /* LaunchScreen.storyboard in Resources */ = {isa = PBXBuildFile; fileRef = 2B68AD0F22E87B2D007B4568 /* LaunchScreen.storyboard */; };
		2B68AD1A22E87BA9007B4568 /* LabelEditViewController.swift in Sources */ = {isa = PBXBuildFile; fileRef = 2B68AD1822E87BA9007B4568 /* LabelEditViewController.swift */; };
		2B68AD1B22E87BA9007B4568 /* LabelEditViewController.xib in Resources */ = {isa = PBXBuildFile; fileRef = 2B68AD1922E87BA9007B4568 /* LabelEditViewController.xib */; };
		2B68AD1D22E87D40007B4568 /* Title.swift in Sources */ = {isa = PBXBuildFile; fileRef = 2B68AD1C22E87D40007B4568 /* Title.swift */; };
/* End PBXBuildFile section */

/* Begin PBXFileReference section */
		2B68AD0122E87B26007B4568 /* StepikSwift1M4_2.app */ = {isa = PBXFileReference; explicitFileType = wrapper.application; includeInIndex = 0; path = StepikSwift1M4_2.app; sourceTree = BUILT_PRODUCTS_DIR; };
		2B68AD0422E87B26007B4568 /* AppDelegate.swift */ = {isa = PBXFileReference; lastKnownFileType = sourcecode.swift; path = AppDelegate.swift; sourceTree = "<group>"; };
		2B68AD0622E87B26007B4568 /* SceneDelegate.swift */ = {isa = PBXFileReference; lastKnownFileType = sourcecode.swift; path = SceneDelegate.swift; sourceTree = "<group>"; };
		2B68AD0822E87B26007B4568 /* ViewController.swift */ = {isa = PBXFileReference; lastKnownFileType = sourcecode.swift; path = ViewController.swift; sourceTree = "<group>"; };
		2B68AD0B22E87B26007B4568 /* Base */ = {isa = PBXFileReference; lastKnownFileType = file.storyboard; name = Base; path = Base.lproj/Main.storyboard; sourceTree = "<group>"; };
		2B68AD0D22E87B2D007B4568 /* Assets.xcassets */ = {isa = PBXFileReference; lastKnownFileType = folder.assetcatalog; path = Assets.xcassets; sourceTree = "<group>"; };
		2B68AD1022E87B2D007B4568 /* Base */ = {isa = PBXFileReference; lastKnownFileType = file.storyboard; name = Base; path = Base.lproj/LaunchScreen.storyboard; sourceTree = "<group>"; };
		2B68AD1222E87B2D007B4568 /* Info.plist */ = {isa = PBXFileReference; lastKnownFileType = text.plist.xml; path = Info.plist; sourceTree = "<group>"; };
		2B68AD1822E87BA9007B4568 /* LabelEditViewController.swift */ = {isa = PBXFileReference; lastKnownFileType = sourcecode.swift; path = LabelEditViewController.swift; sourceTree = "<group>"; };
		2B68AD1922E87BA9007B4568 /* LabelEditViewController.xib */ = {isa = PBXFileReference; lastKnownFileType = file.xib; path = LabelEditViewController.xib; sourceTree = "<group>"; };
		2B68AD1C22E87D40007B4568 /* Title.swift */ = {isa = PBXFileReference; lastKnownFileType = sourcecode.swift; path = Title.swift; sourceTree = "<group>"; };
/* End PBXFileReference section */

/* Begin PBXFrameworksBuildPhase section */
		2B68ACFE22E87B26007B4568 /* Frameworks */ = {
			isa = PBXFrameworksBuildPhase;
			buildActionMask = 2147483647;
			files = (
			);
			runOnlyForDeploymentPostprocessing = 0;
		};
/* End PBXFrameworksBuildPhase section */

/* Begin PBXGroup section */
		2B68ACF822E87B26007B4568 = {
			isa = PBXGroup;
			children = (
				2B68AD0322E87B26007B4568 /* StepikSwift1M4_2 */,
				2B68AD0222E87B26007B4568 /* Products */,
			);
			sourceTree = "<group>";
		};
		2B68AD0222E87B26007B4568 /* Products */ = {
			isa = PBXGroup;
			children = (
				2B68AD0122E87B26007B4568 /* StepikSwift1M4_2.app */,
			);
			name = Products;
			sourceTree = "<group>";
		};
		2B68AD0322E87B26007B4568 /* StepikSwift1M4_2 */ = {
			isa = PBXGroup;
			children = (
				2B68AD0422E87B26007B4568 /* AppDelegate.swift */,
				2B68AD0622E87B26007B4568 /* SceneDelegate.swift */,
				2B68AD0822E87B26007B4568 /* ViewController.swift */,
				2B68AD0A22E87B26007B4568 /* Main.storyboard */,
				2B68AD0D22E87B2D007B4568 /* Assets.xcassets */,
				2B68AD0F22E87B2D007B4568 /* LaunchScreen.storyboard */,
				2B68AD1222E87B2D007B4568 /* Info.plist */,
				2B68AD1822E87BA9007B4568 /* LabelEditViewController.swift */,
				2B68AD1922E87BA9007B4568 /* LabelEditViewController.xib */,
				2B68AD1C22E87D40007B4568 /* Title.swift */,
			);
			path = StepikSwift1M4_2;
			sourceTree = "<group>";
		};
/* End PBXGroup section */

/* Begin PBXNativeTarget section */
		2B68AD0022E87B26007B4568 /* StepikSwift1M4_2 */ = {
			isa = PBXNativeTarget;
			buildConfigurationList = 2B68AD1522E87B2D007B4568 /* Build configuration list for PBXNativeTarget "StepikSwift1M4_2" */;
			buildPhases = (
				2B68ACFD22E87B26007B4568 /* Sources */,
				2B68ACFE22E87B26007B4568 /* Frameworks */,
				2B68ACFF22E87B26007B4568 /* Resources */,
			);
			buildRules = (
			);
			dependencies = (
			);
			name = StepikSwift1M4_2;
			productName = StepikSwift1M4_2;
			productReference = 2B68AD0122E87B26007B4568 /* StepikSwift1M4_2.app */;
			productType = "com.apple.product-type.application";
		};
/* End PBXNativeTarget section */

/* Begin PBXProject section */
		2B68ACF922E87B26007B4568 /* Project object */ = {
			isa = PBXProject;
			attributes = {
				LastSwiftUpdateCheck = 1100;
				LastUpgradeCheck = 1100;
				ORGANIZATIONNAME = "Ivan Vasilyev";
				TargetAttributes = {
					2B68AD0022E87B26007B4568 = {
						CreatedOnToolsVersion = 11.0;
					};
				};
			};
			buildConfigurationList = 2B68ACFC22E87B26007B4568 /* Build configuration list for PBXProject "StepikSwift1M4_2" */;
			compatibilityVersion = "Xcode 10.0";
			developmentRegion = en;
			hasScannedForEncodings = 0;
			knownRegions = (
				en,
				Base,
			);
			mainGroup = 2B68ACF822E87B26007B4568;
			productRefGroup = 2B68AD0222E87B26007B4568 /* Products */;
			projectDirPath = "";
			projectRoot = "";
			targets = (
				2B68AD0022E87B26007B4568 /* StepikSwift1M4_2 */,
			);
		};
/* End PBXProject section */

/* Begin PBXResourcesBuildPhase section */
		2B68ACFF22E87B26007B4568 /* Resources */ = {
			isa = PBXResourcesBuildPhase;
			buildActionMask = 2147483647;
			files = (
				2B68AD1122E87B2D007B4568 /* LaunchScreen.storyboard in Resources */,
				2B68AD1B22E87BA9007B4568 /* LabelEditViewController.xib in Resources */,
				2B68AD0E22E87B2D007B4568 /* Assets.xcassets in Resources */,
				2B68AD0C22E87B26007B4568 /* Main.storyboard in Resources */,
			);
			runOnlyForDeploymentPostprocessing = 0;
		};
/* End PBXResourcesBuildPhase section */

/* Begin PBXSourcesBuildPhase section */
		2B68ACFD22E87B26007B4568 /* Sources */ = {
			isa = PBXSourcesBuildPhase;
			buildActionMask = 2147483647;
			files = (
				2B68AD1D22E87D40007B4568 /* Title.swift in Sources */,
				2B68AD0922E87B26007B4568 /* ViewController.swift in Sources */,
				2B68AD1A22E87BA9007B4568 /* LabelEditViewController.swift in Sources */,
				2B68AD0522E87B26007B4568 /* AppDelegate.swift in Sources */,
				2B68AD0722E87B26007B4568 /* SceneDelegate.swift in Sources */,
			);
			runOnlyForDeploymentPostprocessing = 0;
		};
/* End PBXSourcesBuildPhase section */

/* Begin PBXVariantGroup section */
		2B68AD0A22E87B26007B4568 /* Main.storyboard */ = {
			isa = PBXVariantGroup;
			children = (
				2B68AD0B22E87B26007B4568 /* Base */,
			);
			name = Main.storyboard;
			sourceTree = "<group>";
		};
		2B68AD0F22E87B2D007B4568 /* LaunchScreen.storyboard */ = {
			isa = PBXVariantGroup;
			children = (
				2B68AD1022E87B2D007B4568 /* Base */,
			);
			name = LaunchScreen.storyboard;
			sourceTree = "<group>";
		};
/* End PBXVariantGroup section */

/* Begin XCBuildConfiguration section */
		2B68AD1322E87B2D007B4568 /* Debug */ = {
			isa = XCBuildConfiguration;
			buildSettings = {
				ALWAYS_SEARCH_USER_PATHS = NO;
				CLANG_ANALYZER_NONNULL = YES;
				CLANG_ANALYZER_NUMBER_OBJECT_CONVERSION = YES_AGGRESSIVE;
				CLANG_CXX_LANGUAGE_STANDARD = "gnu++14";
				CLANG_CXX_LIBRARY = "libc++";
				CLANG_ENABLE_MODULES = YES;
				CLANG_ENABLE_OBJC_ARC = YES;
				CLANG_ENABLE_OBJC_WEAK = YES;
				CLANG_WARN_BLOCK_CAPTURE_AUTORELEASING = YES;
				CLANG_WARN_BOOL_CONVERSION = YES;
				CLANG_WARN_COMMA = YES;
				CLANG_WARN_CONSTANT_CONVERSION = YES;
				CLANG_WARN_DEPRECATED_OBJC_IMPLEMENTATIONS = YES;
				CLANG_WARN_DIRECT_OBJC_ISA_USAGE = YES_ERROR;
				CLANG_WARN_DOCUMENTATION_COMMENTS = YES;
				CLANG_WARN_EMPTY_BODY = YES;
				CLANG_WARN_ENUM_CONVERSION = YES;
				CLANG_WARN_INFINITE_RECURSION = YES;
				CLANG_WARN_INT_CONVERSION = YES;
				CLANG_WARN_NON_LITERAL_NULL_CONVERSION = YES;
				CLANG_WARN_OBJC_IMPLICIT_RETAIN_SELF = YES;
				CLANG_WARN_OBJC_LITERAL_CONVERSION = YES;
				CLANG_WARN_OBJC_ROOT_CLASS = YES_ERROR;
				CLANG_WARN_RANGE_LOOP_ANALYSIS = YES;
				CLANG_WARN_STRICT_PROTOTYPES = YES;
				CLANG_WARN_SUSPICIOUS_MOVE = YES;
				CLANG_WARN_UNGUARDED_AVAILABILITY = YES_AGGRESSIVE;
				CLANG_WARN_UNREACHABLE_CODE = YES;
				CLANG_WARN__DUPLICATE_METHOD_MATCH = YES;
				COPY_PHASE_STRIP = NO;
				DEBUG_INFORMATION_FORMAT = dwarf;
				ENABLE_STRICT_OBJC_MSGSEND = YES;
				ENABLE_TESTABILITY = YES;
				GCC_C_LANGUAGE_STANDARD = gnu11;
				GCC_DYNAMIC_NO_PIC = NO;
				GCC_NO_COMMON_BLOCKS = YES;
				GCC_OPTIMIZATION_LEVEL = 0;
				GCC_PREPROCESSOR_DEFINITIONS = (
					"DEBUG=1",
					"$(inherited)",
				);
				GCC_WARN_64_TO_32_BIT_CONVERSION = YES;
				GCC_WARN_ABOUT_RETURN_TYPE = YES_ERROR;
				GCC_WARN_UNDECLARED_SELECTOR = YES;
				GCC_WARN_UNINITIALIZED_AUTOS = YES_AGGRESSIVE;
				GCC_WARN_UNUSED_FUNCTION = YES;
				GCC_WARN_UNUSED_VARIABLE = YES;
				IPHONEOS_DEPLOYMENT_TARGET = 13.0;
				MTL_ENABLE_DEBUG_INFO = INCLUDE_SOURCE;
				MTL_FAST_MATH = YES;
				ONLY_ACTIVE_ARCH = YES;
				SDKROOT = iphoneos;
				SWIFT_ACTIVE_COMPILATION_CONDITIONS = DEBUG;
				SWIFT_OPTIMIZATION_LEVEL = "-Onone";
			};
			name = Debug;
		};
		2B68AD1422E87B2D007B4568 /* Release */ = {
			isa = XCBuildConfiguration;
			buildSettings = {
				ALWAYS_SEARCH_USER_PATHS = NO;
				CLANG_ANALYZER_NONNULL = YES;
				CLANG_ANALYZER_NUMBER_OBJECT_CONVERSION = YES_AGGRESSIVE;
				CLANG_CXX_LANGUAGE_STANDARD = "gnu++14";
				CLANG_CXX_LIBRARY = "libc++";
				CLANG_ENABLE_MODULES = YES;
				CLANG_ENABLE_OBJC_ARC = YES;
				CLANG_ENABLE_OBJC_WEAK = YES;
				CLANG_WARN_BLOCK_CAPTURE_AUTORELEASING = YES;
				CLANG_WARN_BOOL_CONVERSION = YES;
				CLANG_WARN_COMMA = YES;
				CLANG_WARN_CONSTANT_CONVERSION = YES;
				CLANG_WARN_DEPRECATED_OBJC_IMPLEMENTATIONS = YES;
				CLANG_WARN_DIRECT_OBJC_ISA_USAGE = YES_ERROR;
				CLANG_WARN_DOCUMENTATION_COMMENTS = YES;
				CLANG_WARN_EMPTY_BODY = YES;
				CLANG_WARN_ENUM_CONVERSION = YES;
				CLANG_WARN_INFINITE_RECURSION = YES;
				CLANG_WARN_INT_CONVERSION = YES;
				CLANG_WARN_NON_LITERAL_NULL_CONVERSION = YES;
				CLANG_WARN_OBJC_IMPLICIT_RETAIN_SELF = YES;
				CLANG_WARN_OBJC_LITERAL_CONVERSION = YES;
				CLANG_WARN_OBJC_ROOT_CLASS = YES_ERROR;
				CLANG_WARN_RANGE_LOOP_ANALYSIS = YES;
				CLANG_WARN_STRICT_PROTOTYPES = YES;
				CLANG_WARN_SUSPICIOUS_MOVE = YES;
				CLANG_WARN_UNGUARDED_AVAILABILITY = YES_AGGRESSIVE;
				CLANG_WARN_UNREACHABLE_CODE = YES;
				CLANG_WARN__DUPLICATE_METHOD_MATCH = YES;
				COPY_PHASE_STRIP = NO;
				DEBUG_INFORMATION_FORMAT = "dwarf-with-dsym";
				ENABLE_NS_ASSERTIONS = NO;
				ENABLE_STRICT_OBJC_MSGSEND = YES;
				GCC_C_LANGUAGE_STANDARD = gnu11;
				GCC_NO_COMMON_BLOCKS = YES;
				GCC_WARN_64_TO_32_BIT_CONVERSION = YES;
				GCC_WARN_ABOUT_RETURN_TYPE = YES_ERROR;
				GCC_WARN_UNDECLARED_SELECTOR = YES;
				GCC_WARN_UNINITIALIZED_AUTOS = YES_AGGRESSIVE;
				GCC_WARN_UNUSED_FUNCTION = YES;
				GCC_WARN_UNUSED_VARIABLE = YES;
				IPHONEOS_DEPLOYMENT_TARGET = 13.0;
				MTL_ENABLE_DEBUG_INFO = NO;
				MTL_FAST_MATH = YES;
				SDKROOT = iphoneos;
				SWIFT_COMPILATION_MODE = wholemodule;
				SWIFT_OPTIMIZATION_LEVEL = "-O";
				VALIDATE_PRODUCT = YES;
			};
			name = Release;
		};
		2B68AD1622E87B2D007B4568 /* Debug */ = {
			isa = XCBuildConfiguration;
			buildSettings = {
				ASSETCATALOG_COMPILER_APPICON_NAME = AppIcon;
				CODE_SIGN_STYLE = Automatic;
				INFOPLIST_FILE = StepikSwift1M4_2/Info.plist;
				LD_RUNPATH_SEARCH_PATHS = (
					"$(inherited)",
					"@executable_path/Frameworks",
				);
				PRODUCT_BUNDLE_IDENTIFIER = "konclave.StepikSwift1M4-2";
				PRODUCT_NAME = "$(TARGET_NAME)";
				SWIFT_VERSION = 5.0;
				TARGETED_DEVICE_FAMILY = 1;
			};
			name = Debug;
		};
		2B68AD1722E87B2D007B4568 /* Release */ = {
			isa = XCBuildConfiguration;
			buildSettings = {
				ASSETCATALOG_COMPILER_APPICON_NAME = AppIcon;
				CODE_SIGN_STYLE = Automatic;
				INFOPLIST_FILE = StepikSwift1M4_2/Info.plist;
				LD_RUNPATH_SEARCH_PATHS = (
					"$(inherited)",
					"@executable_path/Frameworks",
				);
				PRODUCT_BUNDLE_IDENTIFIER = "konclave.StepikSwift1M4-2";
				PRODUCT_NAME = "$(TARGET_NAME)";
				SWIFT_VERSION = 5.0;
				TARGETED_DEVICE_FAMILY = 1;
			};
			name = Release;
		};
/* End XCBuildConfiguration section */

/* Begin XCConfigurationList section */
		2B68ACFC22E87B26007B4568 /* Build configuration list for PBXProject "StepikSwift1M4_2" */ = {
			isa = XCConfigurationList;
			buildConfigurations = (
				2B68AD1322E87B2D007B4568 /* Debug */,
				2B68AD1422E87B2D007B4568 /* Release */,
			);
			defaultConfigurationIsVisible = 0;
			defaultConfigurationName = Release;
		};
		2B68AD1522E87B2D007B4568 /* Build configuration list for PBXNativeTarget "StepikSwift1M4_2" */ = {
			isa = XCConfigurationList;
			buildConfigurations = (
				2B68AD1622E87B2D007B4568 /* Debug */,
				2B68AD1722E87B2D007B4568 /* Release */,
			);
			defaultConfigurationIsVisible = 0;
			defaultConfigurationName = Release;
		};
/* End XCConfigurationList section */
	};
	rootObject = 2B68ACF922E87B26007B4568 /* Project object */;
}
